<Solution>
  <Folder Name="/mods/">
    <Project Path="mods/NivalisFifo/NivalisFifo.csproj" />
    <Project Path="mods/NivalisModKit/NivalisModKit.csproj" />
    <Project Path="mods/NivalisOrderFix/NivalisOrderFix.csproj" />
  </Folder>
  <Folder Name="/samples/">
    <Project Path="samples/KitTester/KitTester.csproj" />
  </Folder>
</Solution>
