<Solution>
  <Folder Name="/mods/">
    <Project Path="mods/NivalisOrderFix/NivalisOrderFix.csproj" />
    <Project Path="mods/NivalisOrderFixStandalone/NivalisOrderFixStandalone.csproj" />
    <Project Path="mods/NivalisMinimap/NivalisMinimap.csproj" />
    <Project Path="mods/NivalisTimeSpeed/NivalisTimeSpeed.csproj" />
  </Folder>
</Solution>
